
Microsoft Visual Studio Solution File, Format Version 12.00
# Visual Studio Version 17
VisualStudioVersion = 17.0.32112.339
MinimumVisualStudioVersion = 10.0.40219.1
Project("{FAE04EC0-301F-11D3-BF4B-00C04F79EFBC}") = "ITMO.CSWinAPP.WF.Lab01p02", "ITMO.CSWinAPP.WF.Lab01p02.csproj", "{B1C18731-7628-478F-8FDE-3B545A628322}"
EndProject
Global
	GlobalSection(SolutionConfigurationPlatforms) = preSolution
		Debug|Any CPU = Debug|Any CPU
		Release|Any CPU = Release|Any CPU
	EndGlobalSection
	GlobalSection(ProjectConfigurationPlatforms) = postSolution
		{B1C18731-7628-478F-8FDE-3B545A628322}.Debug|Any CPU.ActiveCfg = Debug|Any CPU
		{B1C18731-7628-478F-8FDE-3B545A628322}.Debug|Any CPU.Build.0 = Debug|Any CPU
		{B1C18731-7628-478F-8FDE-3B545A628322}.Release|Any CPU.ActiveCfg = Release|Any CPU
		{B1C18731-7628-478F-8FDE-3B545A628322}.Release|Any CPU.Build.0 = Release|Any CPU
	EndGlobalSection
	GlobalSection(SolutionProperties) = preSolution
		HideSolutionNode = FALSE
	EndGlobalSection
	GlobalSection(ExtensibilityGlobals) = postSolution
		SolutionGuid = {F70E986B-4C9A-4543-A26D-0F34B29C790D}
	EndGlobalSection
EndGlobal
